
Microsoft Visual Studio Solution File, Format Version 12.00
Project("{FAE04EC0-301F-11D3-BF4B-00C04F79EFBC}") = "DotNetIdentity.Api", "DotNetIdentity.Api\DotNetIdentity.Api.csproj", "{1A2AB1D2-8B15-491C-824D-E7FFEBC63368}"
EndProject
Project("{2150E333-8FDC-42A3-9474-1A3956D46DE8}") = "Api", "Api", "{D40FE52C-77CB-48CF-B33B-F5A1E6A28337}"
EndProject
Project("{2150E333-8FDC-42A3-9474-1A3956D46DE8}") = "Database", "Database", "{CE6E7276-746C-4E31-8875-F03723480001}"
EndProject
Project("{2150E333-8FDC-42A3-9474-1A3956D46DE8}") = "Core", "Core", "{EF7676CD-FB4C-4D2C-B32E-C50C7C56DA70}"
EndProject
Project("{2150E333-8FDC-42A3-9474-1A3956D46DE8}") = "Services", "Services", "{63B0D06C-9A6B-44A0-AD43-C2BE3BCD8DB4}"
EndProject
Project("{2150E333-8FDC-42A3-9474-1A3956D46DE8}") = "BackgroundTasks", "BackgroundTasks", "{B6B7B10C-BBC6-4483-964B-C4A6741D0AF7}"
EndProject
Project("{FAE04EC0-301F-11D3-BF4B-00C04F79EFBC}") = "DotNetIdentity.BackgroundTasks", "DotNetIdentity.BackgroundTasks\DotNetIdentity.BackgroundTasks.csproj", "{DA59CBEB-C6F7-4B88-BFB7-D71E62914B80}"
EndProject
Project("{FAE04EC0-301F-11D3-BF4B-00C04F79EFBC}") = "DotNetIdentity.Application", "DotNetIdentity.Application\DotNetIdentity.Application.csproj", "{CE00D289-9568-4F4D-A6A2-FA854D489FDA}"
EndProject
Project("{FAE04EC0-301F-11D3-BF4B-00C04F79EFBC}") = "DotNetIdentity.Contracts", "DotNetIdentity.Contracts\DotNetIdentity.Contracts.csproj", "{61F9685F-80B9-49F6-A8E3-128B40A0FDDF}"
EndProject
Project("{FAE04EC0-301F-11D3-BF4B-00C04F79EFBC}") = "DotNetIdentity.Domain", "DotNetIdentity.Domain\DotNetIdentity.Domain.csproj", "{90A0FC2F-342B-4A42-ADE0-ABBCF79BCCA6}"
EndProject
Project("{FAE04EC0-301F-11D3-BF4B-00C04F79EFBC}") = "DotNetIdentity.Cache", "DotNetIdentity.Cache\DotNetIdentity.Cache.csproj", "{C33DDAB0-1CAF-4A95-8083-CC4C5F0AF2C1}"
EndProject
Project("{FAE04EC0-301F-11D3-BF4B-00C04F79EFBC}") = "DotNetIdentity.Email", "DotNetIdentity.Email\DotNetIdentity.Email.csproj", "{28CBF31C-04DD-4CE5-9893-84CDF9D92678}"
EndProject
Project("{FAE04EC0-301F-11D3-BF4B-00C04F79EFBC}") = "DotNetIdentity.Database.Identity", "DotNetIdentity.Database.Identity\DotNetIdentity.Database.Identity.csproj", "{992A38AC-D1F9-48C1-9222-137965940025}"
EndProject
Project("{2150E333-8FDC-42A3-9474-1A3956D46DE8}") = "Tests", "Tests", "{A39C8BCB-5BFF-494E-87E4-7FCCA85C4162}"
EndProject
Project("{FAE04EC0-301F-11D3-BF4B-00C04F79EFBC}") = "DotNetIdentity.Tests", "DotNetIdentity.Tests\DotNetIdentity.Tests.csproj", "{BF505D6E-5A57-493C-92F8-EA49CD654350}"
EndProject
Global
	GlobalSection(SolutionConfigurationPlatforms) = preSolution
		Debug|Any CPU = Debug|Any CPU
		Release|Any CPU = Release|Any CPU
	EndGlobalSection
	GlobalSection(ProjectConfigurationPlatforms) = postSolution
		{1A2AB1D2-8B15-491C-824D-E7FFEBC63368}.Debug|Any CPU.ActiveCfg = Debug|Any CPU
		{1A2AB1D2-8B15-491C-824D-E7FFEBC63368}.Debug|Any CPU.Build.0 = Debug|Any CPU
		{1A2AB1D2-8B15-491C-824D-E7FFEBC63368}.Release|Any CPU.ActiveCfg = Release|Any CPU
		{1A2AB1D2-8B15-491C-824D-E7FFEBC63368}.Release|Any CPU.Build.0 = Release|Any CPU
		{DA59CBEB-C6F7-4B88-BFB7-D71E62914B80}.Debug|Any CPU.ActiveCfg = Debug|Any CPU
		{DA59CBEB-C6F7-4B88-BFB7-D71E62914B80}.Debug|Any CPU.Build.0 = Debug|Any CPU
		{DA59CBEB-C6F7-4B88-BFB7-D71E62914B80}.Release|Any CPU.ActiveCfg = Release|Any CPU
		{DA59CBEB-C6F7-4B88-BFB7-D71E62914B80}.Release|Any CPU.Build.0 = Release|Any CPU
		{CE00D289-9568-4F4D-A6A2-FA854D489FDA}.Debug|Any CPU.ActiveCfg = Debug|Any CPU
		{CE00D289-9568-4F4D-A6A2-FA854D489FDA}.Debug|Any CPU.Build.0 = Debug|Any CPU
		{CE00D289-9568-4F4D-A6A2-FA854D489FDA}.Release|Any CPU.ActiveCfg = Release|Any CPU
		{CE00D289-9568-4F4D-A6A2-FA854D489FDA}.Release|Any CPU.Build.0 = Release|Any CPU
		{61F9685F-80B9-49F6-A8E3-128B40A0FDDF}.Debug|Any CPU.ActiveCfg = Debug|Any CPU
		{61F9685F-80B9-49F6-A8E3-128B40A0FDDF}.Debug|Any CPU.Build.0 = Debug|Any CPU
		{61F9685F-80B9-49F6-A8E3-128B40A0FDDF}.Release|Any CPU.ActiveCfg = Release|Any CPU
		{61F9685F-80B9-49F6-A8E3-128B40A0FDDF}.Release|Any CPU.Build.0 = Release|Any CPU
		{90A0FC2F-342B-4A42-ADE0-ABBCF79BCCA6}.Debug|Any CPU.ActiveCfg = Debug|Any CPU
		{90A0FC2F-342B-4A42-ADE0-ABBCF79BCCA6}.Debug|Any CPU.Build.0 = Debug|Any CPU
		{90A0FC2F-342B-4A42-ADE0-ABBCF79BCCA6}.Release|Any CPU.ActiveCfg = Release|Any CPU
		{90A0FC2F-342B-4A42-ADE0-ABBCF79BCCA6}.Release|Any CPU.Build.0 = Release|Any CPU
		{C33DDAB0-1CAF-4A95-8083-CC4C5F0AF2C1}.Debug|Any CPU.ActiveCfg = Debug|Any CPU
		{C33DDAB0-1CAF-4A95-8083-CC4C5F0AF2C1}.Debug|Any CPU.Build.0 = Debug|Any CPU
		{C33DDAB0-1CAF-4A95-8083-CC4C5F0AF2C1}.Release|Any CPU.ActiveCfg = Release|Any CPU
		{C33DDAB0-1CAF-4A95-8083-CC4C5F0AF2C1}.Release|Any CPU.Build.0 = Release|Any CPU
		{28CBF31C-04DD-4CE5-9893-84CDF9D92678}.Debug|Any CPU.ActiveCfg = Debug|Any CPU
		{28CBF31C-04DD-4CE5-9893-84CDF9D92678}.Debug|Any CPU.Build.0 = Debug|Any CPU
		{28CBF31C-04DD-4CE5-9893-84CDF9D92678}.Release|Any CPU.ActiveCfg = Release|Any CPU
		{28CBF31C-04DD-4CE5-9893-84CDF9D92678}.Release|Any CPU.Build.0 = Release|Any CPU
		{992A38AC-D1F9-48C1-9222-137965940025}.Debug|Any CPU.ActiveCfg = Debug|Any CPU
		{992A38AC-D1F9-48C1-9222-137965940025}.Debug|Any CPU.Build.0 = Debug|Any CPU
		{992A38AC-D1F9-48C1-9222-137965940025}.Release|Any CPU.ActiveCfg = Release|Any CPU
		{992A38AC-D1F9-48C1-9222-137965940025}.Release|Any CPU.Build.0 = Release|Any CPU
		{BF505D6E-5A57-493C-92F8-EA49CD654350}.Debug|Any CPU.ActiveCfg = Debug|Any CPU
		{BF505D6E-5A57-493C-92F8-EA49CD654350}.Debug|Any CPU.Build.0 = Debug|Any CPU
		{BF505D6E-5A57-493C-92F8-EA49CD654350}.Release|Any CPU.ActiveCfg = Release|Any CPU
		{BF505D6E-5A57-493C-92F8-EA49CD654350}.Release|Any CPU.Build.0 = Release|Any CPU
	EndGlobalSection
	GlobalSection(NestedProjects) = preSolution
		{1A2AB1D2-8B15-491C-824D-E7FFEBC63368} = {D40FE52C-77CB-48CF-B33B-F5A1E6A28337}
		{DA59CBEB-C6F7-4B88-BFB7-D71E62914B80} = {B6B7B10C-BBC6-4483-964B-C4A6741D0AF7}
		{CE00D289-9568-4F4D-A6A2-FA854D489FDA} = {EF7676CD-FB4C-4D2C-B32E-C50C7C56DA70}
		{61F9685F-80B9-49F6-A8E3-128B40A0FDDF} = {EF7676CD-FB4C-4D2C-B32E-C50C7C56DA70}
		{90A0FC2F-342B-4A42-ADE0-ABBCF79BCCA6} = {EF7676CD-FB4C-4D2C-B32E-C50C7C56DA70}
		{C33DDAB0-1CAF-4A95-8083-CC4C5F0AF2C1} = {63B0D06C-9A6B-44A0-AD43-C2BE3BCD8DB4}
		{28CBF31C-04DD-4CE5-9893-84CDF9D92678} = {63B0D06C-9A6B-44A0-AD43-C2BE3BCD8DB4}
		{992A38AC-D1F9-48C1-9222-137965940025} = {CE6E7276-746C-4E31-8875-F03723480001}
		{BF505D6E-5A57-493C-92F8-EA49CD654350} = {A39C8BCB-5BFF-494E-87E4-7FCCA85C4162}
	EndGlobalSection
EndGlobal
